
Microsoft Visual Studio Solution File, Format Version 12.00
# Visual Studio Version 17
VisualStudioVersion = 17.4.33213.308
MinimumVisualStudioVersion = 10.0.40219.1
Project("{9A19103F-16F7-4668-BE54-9A1E7A4F7556}") = "BibliWorm", "BibliWorm.csproj", "{14B36288-8268-4D4D-98FB-403CDF16F878}"
EndProject
Project("{2150E333-8FDC-42A3-9474-1A3956D46DE8}") = "0. Config", "0. Config", "{C80E9D5B-2E49-43B1-84ED-8A74355C31F9}"
	ProjectSection(SolutionItems) = preProject
		config.json = config.json
	EndProjectSection
EndProject
Project("{2150E333-8FDC-42A3-9474-1A3956D46DE8}") = "1. Domain", "1. Domain", "{ADE56AA1-F59E-4459-A83B-9A61A9542E86}"
EndProject
Project("{2150E333-8FDC-42A3-9474-1A3956D46DE8}") = "2. DAL", "2. DAL", "{417D6AE1-8A0B-4EBE-B916-DC795B9DB42D}"
EndProject
Project("{2150E333-8FDC-42A3-9474-1A3956D46DE8}") = "3. BLL", "3. BLL", "{D7BB1A0E-29DD-45FE-A6F9-522FBF69E964}"
EndProject
Project("{2150E333-8FDC-42A3-9474-1A3956D46DE8}") = "4. Web API", "4. Web API", "{EB23D3AC-9CBF-4DCC-B104-9D5AB446867A}"
EndProject
Project("{9A19103F-16F7-4668-BE54-9A1E7A4F7556}") = "Common", "..\Common\Common.csproj", "{FC4E6AB9-3F4B-4F04-BED9-DD945B38F19E}"
EndProject
Project("{9A19103F-16F7-4668-BE54-9A1E7A4F7556}") = "Domain", "..\Domain\Domain.csproj", "{7362C649-A4E6-4008-959E-11EE15C71325}"
EndProject
Project("{9A19103F-16F7-4668-BE54-9A1E7A4F7556}") = "DAL", "..\DAL\DAL.csproj", "{E2B0EE8F-8689-43C5-A69C-50D05F9CEF20}"
EndProject
Project("{9A19103F-16F7-4668-BE54-9A1E7A4F7556}") = "DAL.Startup", "..\DAL.Startup\DAL.Startup.csproj", "{ABF3F3FC-59E2-465B-B288-2F3F089A1DA4}"
EndProject
Project("{9A19103F-16F7-4668-BE54-9A1E7A4F7556}") = "BLL", "..\BLL\BLL.csproj", "{8C6ABBFE-97A9-4745-AAB7-9DF1E470FCD0}"
EndProject
Project("{9A19103F-16F7-4668-BE54-9A1E7A4F7556}") = "BLL.Startup", "..\BLL.Startup\BLL.Startup.csproj", "{1D4430E6-7674-4BCD-A0CD-7CC38BEA27DE}"
EndProject
Global
	GlobalSection(SolutionConfigurationPlatforms) = preSolution
		Debug|Any CPU = Debug|Any CPU
		Release|Any CPU = Release|Any CPU
	EndGlobalSection
	GlobalSection(ProjectConfigurationPlatforms) = postSolution
		{14B36288-8268-4D4D-98FB-403CDF16F878}.Debug|Any CPU.ActiveCfg = Debug|Any CPU
		{14B36288-8268-4D4D-98FB-403CDF16F878}.Debug|Any CPU.Build.0 = Debug|Any CPU
		{14B36288-8268-4D4D-98FB-403CDF16F878}.Release|Any CPU.ActiveCfg = Release|Any CPU
		{14B36288-8268-4D4D-98FB-403CDF16F878}.Release|Any CPU.Build.0 = Release|Any CPU
		{FC4E6AB9-3F4B-4F04-BED9-DD945B38F19E}.Debug|Any CPU.ActiveCfg = Debug|Any CPU
		{FC4E6AB9-3F4B-4F04-BED9-DD945B38F19E}.Debug|Any CPU.Build.0 = Debug|Any CPU
		{FC4E6AB9-3F4B-4F04-BED9-DD945B38F19E}.Release|Any CPU.ActiveCfg = Release|Any CPU
		{FC4E6AB9-3F4B-4F04-BED9-DD945B38F19E}.Release|Any CPU.Build.0 = Release|Any CPU
		{7362C649-A4E6-4008-959E-11EE15C71325}.Debug|Any CPU.ActiveCfg = Debug|Any CPU
		{7362C649-A4E6-4008-959E-11EE15C71325}.Debug|Any CPU.Build.0 = Debug|Any CPU
		{7362C649-A4E6-4008-959E-11EE15C71325}.Release|Any CPU.ActiveCfg = Release|Any CPU
		{7362C649-A4E6-4008-959E-11EE15C71325}.Release|Any CPU.Build.0 = Release|Any CPU
		{E2B0EE8F-8689-43C5-A69C-50D05F9CEF20}.Debug|Any CPU.ActiveCfg = Debug|Any CPU
		{E2B0EE8F-8689-43C5-A69C-50D05F9CEF20}.Debug|Any CPU.Build.0 = Debug|Any CPU
		{E2B0EE8F-8689-43C5-A69C-50D05F9CEF20}.Release|Any CPU.ActiveCfg = Release|Any CPU
		{E2B0EE8F-8689-43C5-A69C-50D05F9CEF20}.Release|Any CPU.Build.0 = Release|Any CPU
		{ABF3F3FC-59E2-465B-B288-2F3F089A1DA4}.Debug|Any CPU.ActiveCfg = Debug|Any CPU
		{ABF3F3FC-59E2-465B-B288-2F3F089A1DA4}.Debug|Any CPU.Build.0 = Debug|Any CPU
		{ABF3F3FC-59E2-465B-B288-2F3F089A1DA4}.Release|Any CPU.ActiveCfg = Release|Any CPU
		{ABF3F3FC-59E2-465B-B288-2F3F089A1DA4}.Release|Any CPU.Build.0 = Release|Any CPU
		{8C6ABBFE-97A9-4745-AAB7-9DF1E470FCD0}.Debug|Any CPU.ActiveCfg = Debug|Any CPU
		{8C6ABBFE-97A9-4745-AAB7-9DF1E470FCD0}.Debug|Any CPU.Build.0 = Debug|Any CPU
		{8C6ABBFE-97A9-4745-AAB7-9DF1E470FCD0}.Release|Any CPU.ActiveCfg = Release|Any CPU
		{8C6ABBFE-97A9-4745-AAB7-9DF1E470FCD0}.Release|Any CPU.Build.0 = Release|Any CPU
		{1D4430E6-7674-4BCD-A0CD-7CC38BEA27DE}.Debug|Any CPU.ActiveCfg = Debug|Any CPU
		{1D4430E6-7674-4BCD-A0CD-7CC38BEA27DE}.Debug|Any CPU.Build.0 = Debug|Any CPU
		{1D4430E6-7674-4BCD-A0CD-7CC38BEA27DE}.Release|Any CPU.ActiveCfg = Release|Any CPU
		{1D4430E6-7674-4BCD-A0CD-7CC38BEA27DE}.Release|Any CPU.Build.0 = Release|Any CPU
	EndGlobalSection
	GlobalSection(SolutionProperties) = preSolution
		HideSolutionNode = FALSE
	EndGlobalSection
	GlobalSection(NestedProjects) = preSolution
		{14B36288-8268-4D4D-98FB-403CDF16F878} = {EB23D3AC-9CBF-4DCC-B104-9D5AB446867A}
		{FC4E6AB9-3F4B-4F04-BED9-DD945B38F19E} = {ADE56AA1-F59E-4459-A83B-9A61A9542E86}
		{7362C649-A4E6-4008-959E-11EE15C71325} = {ADE56AA1-F59E-4459-A83B-9A61A9542E86}
		{E2B0EE8F-8689-43C5-A69C-50D05F9CEF20} = {417D6AE1-8A0B-4EBE-B916-DC795B9DB42D}
		{ABF3F3FC-59E2-465B-B288-2F3F089A1DA4} = {417D6AE1-8A0B-4EBE-B916-DC795B9DB42D}
		{8C6ABBFE-97A9-4745-AAB7-9DF1E470FCD0} = {D7BB1A0E-29DD-45FE-A6F9-522FBF69E964}
		{1D4430E6-7674-4BCD-A0CD-7CC38BEA27DE} = {D7BB1A0E-29DD-45FE-A6F9-522FBF69E964}
	EndGlobalSection
	GlobalSection(ExtensibilityGlobals) = postSolution
		SolutionGuid = {314A486A-0D16-40B3-86B9-AE5F86B77AB9}
	EndGlobalSection
EndGlobal
